
Microsoft Visual Studio Solution File, Format Version 12.00
# Visual Studio 2013
VisualStudioVersion = 12.0.31101.0
MinimumVisualStudioVersion = 10.0.40219.1
Project("{FAE04EC0-301F-11D3-BF4B-00C04F79EFBC}") = "Question22", "Question22\Question22.csproj", "{55083BCD-9CA2-4870-BBA0-1A7771CD33A7}"
EndProject
Global
	GlobalSection(SolutionConfigurationPlatforms) = preSolution
		Debug|Any CPU = Debug|Any CPU
		Release|Any CPU = Release|Any CPU
	EndGlobalSection
	GlobalSection(ProjectConfigurationPlatforms) = postSolution
		{55083BCD-9CA2-4870-BBA0-1A7771CD33A7}.Debug|Any CPU.ActiveCfg = Debug|Any CPU
		{55083BCD-9CA2-4870-BBA0-1A7771CD33A7}.Debug|Any CPU.Build.0 = Debug|Any CPU
		{55083BCD-9CA2-4870-BBA0-1A7771CD33A7}.Release|Any CPU.ActiveCfg = Release|Any CPU
		{55083BCD-9CA2-4870-BBA0-1A7771CD33A7}.Release|Any CPU.Build.0 = Release|Any CPU
	EndGlobalSection
	GlobalSection(SolutionProperties) = preSolution
		HideSolutionNode = FALSE
	EndGlobalSection
EndGlobal
